
Microsoft Visual Studio Solution File, Format Version 12.00
# Visual Studio 15
Project("{FAE04EC0-301F-11D3-BF4B-00C04F79EFBC}") = "Unity.Timeline", "Unity.Timeline.csproj", "{438FC1DF-B9DF-3564-04B2-D956CB989AB7}"
EndProject
Project("{FAE04EC0-301F-11D3-BF4B-00C04F79EFBC}") = "Unity.Timeline.Editor", "Unity.Timeline.Editor.csproj", "{A9AB054C-B864-4518-D2CA-FC8C5FE2B897}"
EndProject
Project("{FAE04EC0-301F-11D3-BF4B-00C04F79EFBC}") = "com.unity.cinemachine.editor", "com.unity.cinemachine.editor.csproj", "{BE647D31-591D-B72C-573C-1C4D2B591CEE}"
EndProject
Project("{FAE04EC0-301F-11D3-BF4B-00C04F79EFBC}") = "Unity.TextMeshPro.Editor", "Unity.TextMeshPro.Editor.csproj", "{95CEDEA1-32CE-5D61-BC1D-AD35DFB3E641}"
EndProject
Project("{FAE04EC0-301F-11D3-BF4B-00C04F79EFBC}") = "Unity.PlasticSCM.Editor", "Unity.PlasticSCM.Editor.csproj", "{79B0A5BD-9114-206D-1769-A14849770DEF}"
EndProject
Project("{FAE04EC0-301F-11D3-BF4B-00C04F79EFBC}") = "Unity.VisualScripting.Flow", "Unity.VisualScripting.Flow.csproj", "{698EC8F3-4210-594A-BD1F-147BF0ED3BA7}"
EndProject
Project("{FAE04EC0-301F-11D3-BF4B-00C04F79EFBC}") = "Unity.ProBuilder", "Unity.ProBuilder.csproj", "{92705CF3-26B3-8B23-2927-DA6F66EA7E4F}"
EndProject
Project("{FAE04EC0-301F-11D3-BF4B-00C04F79EFBC}") = "Assembly-CSharp", "Assembly-CSharp.csproj", "{738972B1-38C8-6699-4D72-8B29CD6E9BC0}"
EndProject
Project("{FAE04EC0-301F-11D3-BF4B-00C04F79EFBC}") = "Unity.InputSystem", "Unity.InputSystem.csproj", "{471E3E5B-64D8-1E91-8A31-CD01B64C67E8}"
EndProject
Project("{FAE04EC0-301F-11D3-BF4B-00C04F79EFBC}") = "Unity.Animation.Rigging.Editor", "Unity.Animation.Rigging.Editor.csproj", "{4D6FAA47-C5C7-23C5-A24F-6233856D0A7A}"
EndProject
Project("{FAE04EC0-301F-11D3-BF4B-00C04F79EFBC}") = "Unity.VisualScripting.Core", "Unity.VisualScripting.Core.csproj", "{3310CA81-7C61-471B-088D-D81A070F673A}"
EndProject
Project("{FAE04EC0-301F-11D3-BF4B-00C04F79EFBC}") = "Unity.ProBuilder.Editor", "Unity.ProBuilder.Editor.csproj", "{DD556B50-6ACD-DB6D-9F6C-7EA5318A8CE9}"
EndProject
Project("{FAE04EC0-301F-11D3-BF4B-00C04F79EFBC}") = "Unity.Mathematics", "Unity.Mathematics.csproj", "{BE6AF1BE-C845-53BA-0A0B-0099A1D9B21C}"
EndProject
Project("{FAE04EC0-301F-11D3-BF4B-00C04F79EFBC}") = "Cinemachine", "Cinemachine.csproj", "{1F6BA4D9-5F00-C68A-B967-45BEFBB97ADD}"
EndProject
Project("{FAE04EC0-301F-11D3-BF4B-00C04F79EFBC}") = "Unity.VisualScripting.Core.Editor", "Unity.VisualScripting.Core.Editor.csproj", "{02AE9D02-BE4D-EEE5-1257-7443C286CD34}"
EndProject
Project("{FAE04EC0-301F-11D3-BF4B-00C04F79EFBC}") = "Unity.VisualScripting.Flow.Editor", "Unity.VisualScripting.Flow.Editor.csproj", "{A4841AE1-2E7E-4DCF-2ADA-B1A685301404}"
EndProject
Project("{FAE04EC0-301F-11D3-BF4B-00C04F79EFBC}") = "UnityEditor.TestRunner", "UnityEditor.TestRunner.csproj", "{F5CF582D-1741-0EBC-3C53-84FF63749B5F}"
EndProject
Project("{FAE04EC0-301F-11D3-BF4B-00C04F79EFBC}") = "Autodesk.Fbx", "Autodesk.Fbx.csproj", "{E0906A87-FCC6-EA03-85AF-EC704694AB43}"
EndProject
Project("{FAE04EC0-301F-11D3-BF4B-00C04F79EFBC}") = "Unity.ProBuilder.Poly2Tri", "Unity.ProBuilder.Poly2Tri.csproj", "{D62CE2D4-560D-9072-6C25-2A53691909ED}"
EndProject
Project("{FAE04EC0-301F-11D3-BF4B-00C04F79EFBC}") = "Unity.VisualScripting.SettingsProvider.Editor", "Unity.VisualScripting.SettingsProvider.Editor.csproj", "{B57B60DF-4FEF-925A-FB1F-31A86680A5D0}"
EndProject
Project("{FAE04EC0-301F-11D3-BF4B-00C04F79EFBC}") = "UnityEngine.TestRunner", "UnityEngine.TestRunner.csproj", "{04E4FE1B-E44A-7F5A-8F70-55484B0B46F6}"
EndProject
Project("{FAE04EC0-301F-11D3-BF4B-00C04F79EFBC}") = "Unity.Burst", "Unity.Burst.csproj", "{6A9E9EDE-A33E-0D83-A29E-87F50D8DCB18}"
EndProject
Project("{FAE04EC0-301F-11D3-BF4B-00C04F79EFBC}") = "Unity.ProBuilder.Csg", "Unity.ProBuilder.Csg.csproj", "{14215E3B-7E56-5C58-87C0-C6844783516E}"
EndProject
Project("{FAE04EC0-301F-11D3-BF4B-00C04F79EFBC}") = "Unity.Animation.Rigging", "Unity.Animation.Rigging.csproj", "{A6B37008-B7D4-0503-22E7-262E05FC3B79}"
EndProject
Project("{FAE04EC0-301F-11D3-BF4B-00C04F79EFBC}") = "Unity.AI.Navigation.Editor", "Unity.AI.Navigation.Editor.csproj", "{D14B5348-E763-CD21-8421-DF4456AD0B78}"
EndProject
Project("{FAE04EC0-301F-11D3-BF4B-00C04F79EFBC}") = "Unity.VisualStudio.Editor", "Unity.VisualStudio.Editor.csproj", "{FB1A9A97-FC21-D70A-E8EF-12C9B6209A27}"
EndProject
Project("{FAE04EC0-301F-11D3-BF4B-00C04F79EFBC}") = "Unity.TestTools.CodeCoverage.Editor.OpenCover.Model", "Unity.TestTools.CodeCoverage.Editor.OpenCover.Model.csproj", "{ED43BD47-8E48-3592-CCF9-18AFE4F2F05D}"
EndProject
Project("{FAE04EC0-301F-11D3-BF4B-00C04F79EFBC}") = "Unity.Rider.Editor", "Unity.Rider.Editor.csproj", "{DAA6FF03-3F14-4292-7A5D-C9D3F372D363}"
EndProject
Project("{FAE04EC0-301F-11D3-BF4B-00C04F79EFBC}") = "Unity.Postprocessing.Runtime", "Unity.Postprocessing.Runtime.csproj", "{6CB7F776-E18C-DB15-707A-F91460B63E60}"
EndProject
Project("{FAE04EC0-301F-11D3-BF4B-00C04F79EFBC}") = "Unity.AI.Navigation", "Unity.AI.Navigation.csproj", "{6B0F9EC0-C7DD-35D0-3597-D6BA949A18AE}"
EndProject
Project("{FAE04EC0-301F-11D3-BF4B-00C04F79EFBC}") = "Unity.CollabProxy.Editor", "Unity.CollabProxy.Editor.csproj", "{A9D77CAC-981E-67A8-E015-0EE5CBF3EBBB}"
EndProject
Project("{FAE04EC0-301F-11D3-BF4B-00C04F79EFBC}") = "Unity.AI.Navigation.Editor.ConversionSystem", "Unity.AI.Navigation.Editor.ConversionSystem.csproj", "{7F7377B1-DFFF-76EB-3697-F14222496D2E}"
EndProject
Project("{FAE04EC0-301F-11D3-BF4B-00C04F79EFBC}") = "Unity.VisualScripting.State.Editor", "Unity.VisualScripting.State.Editor.csproj", "{F5FD4EEB-D6D4-B103-BC61-F88220D4F998}"
EndProject
Project("{FAE04EC0-301F-11D3-BF4B-00C04F79EFBC}") = "Unity.TestTools.CodeCoverage.Editor", "Unity.TestTools.CodeCoverage.Editor.csproj", "{88A48783-BC5B-70DF-97E5-1F349F0BBDAC}"
EndProject
Project("{FAE04EC0-301F-11D3-BF4B-00C04F79EFBC}") = "Unity.Burst.CodeGen", "Unity.Burst.CodeGen.csproj", "{0C4E4116-83BB-9937-82D1-35105AC72049}"
EndProject
Project("{FAE04EC0-301F-11D3-BF4B-00C04F79EFBC}") = "Unity.Formats.Fbx.Editor", "Unity.Formats.Fbx.Editor.csproj", "{D7A0D3CF-C1B3-0558-A4B9-ABB8372DEE5B}"
EndProject
Project("{FAE04EC0-301F-11D3-BF4B-00C04F79EFBC}") = "Unity.Postprocessing.Editor", "Unity.Postprocessing.Editor.csproj", "{A144EDC0-36E1-EF8B-F6D3-DAC0FF12AB2D}"
EndProject
Project("{FAE04EC0-301F-11D3-BF4B-00C04F79EFBC}") = "Unity.VisualScripting.State", "Unity.VisualScripting.State.csproj", "{86289602-A5E4-B60E-4681-0375AAA55507}"
EndProject
Project("{FAE04EC0-301F-11D3-BF4B-00C04F79EFBC}") = "Unity.Formats.Fbx.Runtime", "Unity.Formats.Fbx.Runtime.csproj", "{6BC8C8CC-5C28-1413-430A-6A4128B9ADD0}"
EndProject
Project("{FAE04EC0-301F-11D3-BF4B-00C04F79EFBC}") = "Unity.TextMeshPro", "Unity.TextMeshPro.csproj", "{4DC4970B-9970-9853-A8A3-BA32200F882D}"
EndProject
Project("{FAE04EC0-301F-11D3-BF4B-00C04F79EFBC}") = "Unity.Performance.Profile-Analyzer.Editor", "Unity.Performance.Profile-Analyzer.Editor.csproj", "{68F11949-4FAD-4A44-E1BF-E6A002A2CB51}"
EndProject
Project("{FAE04EC0-301F-11D3-BF4B-00C04F79EFBC}") = "Unity.VSCode.Editor", "Unity.VSCode.Editor.csproj", "{2B359011-85BB-58F3-3349-F8A2952F42B4}"
EndProject
Project("{FAE04EC0-301F-11D3-BF4B-00C04F79EFBC}") = "Unity.Animation.Rigging.DocCodeExamples", "Unity.Animation.Rigging.DocCodeExamples.csproj", "{F8187047-70F8-8C7E-82EC-68FEA40263C1}"
EndProject
Project("{FAE04EC0-301F-11D3-BF4B-00C04F79EFBC}") = "Unity.Burst.Editor", "Unity.Burst.Editor.csproj", "{19999AFA-0A41-E9E0-D384-135C967B9E1E}"
EndProject
Project("{FAE04EC0-301F-11D3-BF4B-00C04F79EFBC}") = "Unity.TestTools.CodeCoverage.Editor.OpenCover.Mono.Reflection", "Unity.TestTools.CodeCoverage.Editor.OpenCover.Mono.Reflection.csproj", "{F64A5074-6822-6F44-C584-D5A2A2839499}"
EndProject
Project("{FAE04EC0-301F-11D3-BF4B-00C04F79EFBC}") = "Unity.AI.Navigation.Updater", "Unity.AI.Navigation.Updater.csproj", "{191A4F0D-A670-7120-D4AB-0E4E1B091F56}"
EndProject
Project("{FAE04EC0-301F-11D3-BF4B-00C04F79EFBC}") = "Unity.ProBuilder.Stl", "Unity.ProBuilder.Stl.csproj", "{9CA7AE4B-9448-2AB5-3CA3-9B572E974681}"
EndProject
Project("{FAE04EC0-301F-11D3-BF4B-00C04F79EFBC}") = "Unity.Settings.Editor", "Unity.Settings.Editor.csproj", "{3F8B81AD-B1AD-65AB-3F7D-D5691DEC9D71}"
EndProject
Project("{FAE04EC0-301F-11D3-BF4B-00C04F79EFBC}") = "Unity.ProBuilder.AssetIdRemapUtility", "Unity.ProBuilder.AssetIdRemapUtility.csproj", "{209EF703-9D1B-9789-378C-821EA04A3693}"
EndProject
Project("{FAE04EC0-301F-11D3-BF4B-00C04F79EFBC}") = "Unity.ProBuilder.KdTree", "Unity.ProBuilder.KdTree.csproj", "{5DCA51F1-0FAD-424B-0594-E2E051409E0E}"
EndProject
Project("{FAE04EC0-301F-11D3-BF4B-00C04F79EFBC}") = "Unity.ProBuilder.AddOns.Editor", "Unity.ProBuilder.AddOns.Editor.csproj", "{F78712C0-8E92-E9B3-9D44-C98263723244}"
EndProject
Project("{FAE04EC0-301F-11D3-BF4B-00C04F79EFBC}") = "Unity.InputSystem.ForUI", "Unity.InputSystem.ForUI.csproj", "{DBB7183A-AEF6-A0B9-3855-0D1DA954436C}"
EndProject
Project("{FAE04EC0-301F-11D3-BF4B-00C04F79EFBC}") = "Unity.EditorCoroutines.Editor", "Unity.EditorCoroutines.Editor.csproj", "{B23D9C66-C86E-0F2A-9233-84BEE2FFFB56}"
EndProject
Project("{FAE04EC0-301F-11D3-BF4B-00C04F79EFBC}") = "Unity.Mathematics.Editor", "Unity.Mathematics.Editor.csproj", "{EFE30F6F-8209-6492-08B3-AB8AD4DE6E3F}"
EndProject
Project("{FAE04EC0-301F-11D3-BF4B-00C04F79EFBC}") = "Unity.InputSystem.TestFramework", "Unity.InputSystem.TestFramework.csproj", "{7EC7AA41-B3ED-8D7D-4C2E-C3A35841E5E0}"
EndProject
Project("{FAE04EC0-301F-11D3-BF4B-00C04F79EFBC}") = "Unity.VisualScripting.Shared.Editor", "Unity.VisualScripting.Shared.Editor.csproj", "{C8EE0D83-EE9F-7C1A-77B7-13CC538C31D2}"
EndProject
Project("{FAE04EC0-301F-11D3-BF4B-00C04F79EFBC}") = "Autodesk.Fbx.Editor", "Autodesk.Fbx.Editor.csproj", "{EAB8A12C-E527-0E03-2CDD-A601AD431EE9}"
EndProject
Project("{FAE04EC0-301F-11D3-BF4B-00C04F79EFBC}") = "FbxBuildTestAssets", "FbxBuildTestAssets.csproj", "{0A55A177-9B6C-6EF6-0C32-59320C54BDC5}"
EndProject
Global
	GlobalSection(SolutionConfigurationPlatforms) = preSolution
		Debug|Any CPU = Debug|Any CPU
		Release|Any CPU = Release|Any CPU
	EndGlobalSection
	GlobalSection(ProjectConfigurationPlatforms) = postSolution
		{438FC1DF-B9DF-3564-04B2-D956CB989AB7}.Debug|Any CPU.ActiveCfg = Debug|Any CPU
		{438FC1DF-B9DF-3564-04B2-D956CB989AB7}.Debug|Any CPU.Build.0 = Debug|Any CPU
		{438FC1DF-B9DF-3564-04B2-D956CB989AB7}.Release|Any CPU.ActiveCfg = Release|Any CPU
		{438FC1DF-B9DF-3564-04B2-D956CB989AB7}.Release|Any CPU.Build.0 = Release|Any CPU
		{A9AB054C-B864-4518-D2CA-FC8C5FE2B897}.Debug|Any CPU.ActiveCfg = Debug|Any CPU
		{A9AB054C-B864-4518-D2CA-FC8C5FE2B897}.Debug|Any CPU.Build.0 = Debug|Any CPU
		{A9AB054C-B864-4518-D2CA-FC8C5FE2B897}.Release|Any CPU.ActiveCfg = Release|Any CPU
		{A9AB054C-B864-4518-D2CA-FC8C5FE2B897}.Release|Any CPU.Build.0 = Release|Any CPU
		{BE647D31-591D-B72C-573C-1C4D2B591CEE}.Debug|Any CPU.ActiveCfg = Debug|Any CPU
		{BE647D31-591D-B72C-573C-1C4D2B591CEE}.Debug|Any CPU.Build.0 = Debug|Any CPU
		{BE647D31-591D-B72C-573C-1C4D2B591CEE}.Release|Any CPU.ActiveCfg = Release|Any CPU
		{BE647D31-591D-B72C-573C-1C4D2B591CEE}.Release|Any CPU.Build.0 = Release|Any CPU
		{95CEDEA1-32CE-5D61-BC1D-AD35DFB3E641}.Debug|Any CPU.ActiveCfg = Debug|Any CPU
		{95CEDEA1-32CE-5D61-BC1D-AD35DFB3E641}.Debug|Any CPU.Build.0 = Debug|Any CPU
		{95CEDEA1-32CE-5D61-BC1D-AD35DFB3E641}.Release|Any CPU.ActiveCfg = Release|Any CPU
		{95CEDEA1-32CE-5D61-BC1D-AD35DFB3E641}.Release|Any CPU.Build.0 = Release|Any CPU
		{79B0A5BD-9114-206D-1769-A14849770DEF}.Debug|Any CPU.ActiveCfg = Debug|Any CPU
		{79B0A5BD-9114-206D-1769-A14849770DEF}.Debug|Any CPU.Build.0 = Debug|Any CPU
		{79B0A5BD-9114-206D-1769-A14849770DEF}.Release|Any CPU.ActiveCfg = Release|Any CPU
		{79B0A5BD-9114-206D-1769-A14849770DEF}.Release|Any CPU.Build.0 = Release|Any CPU
		{698EC8F3-4210-594A-BD1F-147BF0ED3BA7}.Debug|Any CPU.ActiveCfg = Debug|Any CPU
		{698EC8F3-4210-594A-BD1F-147BF0ED3BA7}.Debug|Any CPU.Build.0 = Debug|Any CPU
		{698EC8F3-4210-594A-BD1F-147BF0ED3BA7}.Release|Any CPU.ActiveCfg = Release|Any CPU
		{698EC8F3-4210-594A-BD1F-147BF0ED3BA7}.Release|Any CPU.Build.0 = Release|Any CPU
		{92705CF3-26B3-8B23-2927-DA6F66EA7E4F}.Debug|Any CPU.ActiveCfg = Debug|Any CPU
		{92705CF3-26B3-8B23-2927-DA6F66EA7E4F}.Debug|Any CPU.Build.0 = Debug|Any CPU
		{92705CF3-26B3-8B23-2927-DA6F66EA7E4F}.Release|Any CPU.ActiveCfg = Release|Any CPU
		{92705CF3-26B3-8B23-2927-DA6F66EA7E4F}.Release|Any CPU.Build.0 = Release|Any CPU
		{738972B1-38C8-6699-4D72-8B29CD6E9BC0}.Debug|Any CPU.ActiveCfg = Debug|Any CPU
		{738972B1-38C8-6699-4D72-8B29CD6E9BC0}.Debug|Any CPU.Build.0 = Debug|Any CPU
		{738972B1-38C8-6699-4D72-8B29CD6E9BC0}.Release|Any CPU.ActiveCfg = Release|Any CPU
		{738972B1-38C8-6699-4D72-8B29CD6E9BC0}.Release|Any CPU.Build.0 = Release|Any CPU
		{471E3E5B-64D8-1E91-8A31-CD01B64C67E8}.Debug|Any CPU.ActiveCfg = Debug|Any CPU
		{471E3E5B-64D8-1E91-8A31-CD01B64C67E8}.Debug|Any CPU.Build.0 = Debug|Any CPU
		{471E3E5B-64D8-1E91-8A31-CD01B64C67E8}.Release|Any CPU.ActiveCfg = Release|Any CPU
		{471E3E5B-64D8-1E91-8A31-CD01B64C67E8}.Release|Any CPU.Build.0 = Release|Any CPU
		{4D6FAA47-C5C7-23C5-A24F-6233856D0A7A}.Debug|Any CPU.ActiveCfg = Debug|Any CPU
		{4D6FAA47-C5C7-23C5-A24F-6233856D0A7A}.Debug|Any CPU.Build.0 = Debug|Any CPU
		{4D6FAA47-C5C7-23C5-A24F-6233856D0A7A}.Release|Any CPU.ActiveCfg = Release|Any CPU
		{4D6FAA47-C5C7-23C5-A24F-6233856D0A7A}.Release|Any CPU.Build.0 = Release|Any CPU
		{3310CA81-7C61-471B-088D-D81A070F673A}.Debug|Any CPU.ActiveCfg = Debug|Any CPU
		{3310CA81-7C61-471B-088D-D81A070F673A}.Debug|Any CPU.Build.0 = Debug|Any CPU
		{3310CA81-7C61-471B-088D-D81A070F673A}.Release|Any CPU.ActiveCfg = Release|Any CPU
		{3310CA81-7C61-471B-088D-D81A070F673A}.Release|Any CPU.Build.0 = Release|Any CPU
		{DD556B50-6ACD-DB6D-9F6C-7EA5318A8CE9}.Debug|Any CPU.ActiveCfg = Debug|Any CPU
		{DD556B50-6ACD-DB6D-9F6C-7EA5318A8CE9}.Debug|Any CPU.Build.0 = Debug|Any CPU
		{DD556B50-6ACD-DB6D-9F6C-7EA5318A8CE9}.Release|Any CPU.ActiveCfg = Release|Any CPU
		{DD556B50-6ACD-DB6D-9F6C-7EA5318A8CE9}.Release|Any CPU.Build.0 = Release|Any CPU
		{BE6AF1BE-C845-53BA-0A0B-0099A1D9B21C}.Debug|Any CPU.ActiveCfg = Debug|Any CPU
		{BE6AF1BE-C845-53BA-0A0B-0099A1D9B21C}.Debug|Any CPU.Build.0 = Debug|Any CPU
		{BE6AF1BE-C845-53BA-0A0B-0099A1D9B21C}.Release|Any CPU.ActiveCfg = Release|Any CPU
		{BE6AF1BE-C845-53BA-0A0B-0099A1D9B21C}.Release|Any CPU.Build.0 = Release|Any CPU
		{1F6BA4D9-5F00-C68A-B967-45BEFBB97ADD}.Debug|Any CPU.ActiveCfg = Debug|Any CPU
		{1F6BA4D9-5F00-C68A-B967-45BEFBB97ADD}.Debug|Any CPU.Build.0 = Debug|Any CPU
		{1F6BA4D9-5F00-C68A-B967-45BEFBB97ADD}.Release|Any CPU.ActiveCfg = Release|Any CPU
		{1F6BA4D9-5F00-C68A-B967-45BEFBB97ADD}.Release|Any CPU.Build.0 = Release|Any CPU
		{02AE9D02-BE4D-EEE5-1257-7443C286CD34}.Debug|Any CPU.ActiveCfg = Debug|Any CPU
		{02AE9D02-BE4D-EEE5-1257-7443C286CD34}.Debug|Any CPU.Build.0 = Debug|Any CPU
		{02AE9D02-BE4D-EEE5-1257-7443C286CD34}.Release|Any CPU.ActiveCfg = Release|Any CPU
		{02AE9D02-BE4D-EEE5-1257-7443C286CD34}.Release|Any CPU.Build.0 = Release|Any CPU
		{A4841AE1-2E7E-4DCF-2ADA-B1A685301404}.Debug|Any CPU.ActiveCfg = Debug|Any CPU
		{A4841AE1-2E7E-4DCF-2ADA-B1A685301404}.Debug|Any CPU.Build.0 = Debug|Any CPU
		{A4841AE1-2E7E-4DCF-2ADA-B1A685301404}.Release|Any CPU.ActiveCfg = Release|Any CPU
		{A4841AE1-2E7E-4DCF-2ADA-B1A685301404}.Release|Any CPU.Build.0 = Release|Any CPU
		{F5CF582D-1741-0EBC-3C53-84FF63749B5F}.Debug|Any CPU.ActiveCfg = Debug|Any CPU
		{F5CF582D-1741-0EBC-3C53-84FF63749B5F}.Debug|Any CPU.Build.0 = Debug|Any CPU
		{F5CF582D-1741-0EBC-3C53-84FF63749B5F}.Release|Any CPU.ActiveCfg = Release|Any CPU
		{F5CF582D-1741-0EBC-3C53-84FF63749B5F}.Release|Any CPU.Build.0 = Release|Any CPU
		{E0906A87-FCC6-EA03-85AF-EC704694AB43}.Debug|Any CPU.ActiveCfg = Debug|Any CPU
		{E0906A87-FCC6-EA03-85AF-EC704694AB43}.Debug|Any CPU.Build.0 = Debug|Any CPU
		{E0906A87-FCC6-EA03-85AF-EC704694AB43}.Release|Any CPU.ActiveCfg = Release|Any CPU
		{E0906A87-FCC6-EA03-85AF-EC704694AB43}.Release|Any CPU.Build.0 = Release|Any CPU
		{D62CE2D4-560D-9072-6C25-2A53691909ED}.Debug|Any CPU.ActiveCfg = Debug|Any CPU
		{D62CE2D4-560D-9072-6C25-2A53691909ED}.Debug|Any CPU.Build.0 = Debug|Any CPU
		{D62CE2D4-560D-9072-6C25-2A53691909ED}.Release|Any CPU.ActiveCfg = Release|Any CPU
		{D62CE2D4-560D-9072-6C25-2A53691909ED}.Release|Any CPU.Build.0 = Release|Any CPU
		{B57B60DF-4FEF-925A-FB1F-31A86680A5D0}.Debug|Any CPU.ActiveCfg = Debug|Any CPU
		{B57B60DF-4FEF-925A-FB1F-31A86680A5D0}.Debug|Any CPU.Build.0 = Debug|Any CPU
		{B57B60DF-4FEF-925A-FB1F-31A86680A5D0}.Release|Any CPU.ActiveCfg = Release|Any CPU
		{B57B60DF-4FEF-925A-FB1F-31A86680A5D0}.Release|Any CPU.Build.0 = Release|Any CPU
		{04E4FE1B-E44A-7F5A-8F70-55484B0B46F6}.Debug|Any CPU.ActiveCfg = Debug|Any CPU
		{04E4FE1B-E44A-7F5A-8F70-55484B0B46F6}.Debug|Any CPU.Build.0 = Debug|Any CPU
		{04E4FE1B-E44A-7F5A-8F70-55484B0B46F6}.Release|Any CPU.ActiveCfg = Release|Any CPU
		{04E4FE1B-E44A-7F5A-8F70-55484B0B46F6}.Release|Any CPU.Build.0 = Release|Any CPU
		{6A9E9EDE-A33E-0D83-A29E-87F50D8DCB18}.Debug|Any CPU.ActiveCfg = Debug|Any CPU
		{6A9E9EDE-A33E-0D83-A29E-87F50D8DCB18}.Debug|Any CPU.Build.0 = Debug|Any CPU
		{6A9E9EDE-A33E-0D83-A29E-87F50D8DCB18}.Release|Any CPU.ActiveCfg = Release|Any CPU
		{6A9E9EDE-A33E-0D83-A29E-87F50D8DCB18}.Release|Any CPU.Build.0 = Release|Any CPU
		{14215E3B-7E56-5C58-87C0-C6844783516E}.Debug|Any CPU.ActiveCfg = Debug|Any CPU
		{14215E3B-7E56-5C58-87C0-C6844783516E}.Debug|Any CPU.Build.0 = Debug|Any CPU
		{14215E3B-7E56-5C58-87C0-C6844783516E}.Release|Any CPU.ActiveCfg = Release|Any CPU
		{14215E3B-7E56-5C58-87C0-C6844783516E}.Release|Any CPU.Build.0 = Release|Any CPU
		{A6B37008-B7D4-0503-22E7-262E05FC3B79}.Debug|Any CPU.ActiveCfg = Debug|Any CPU
		{A6B37008-B7D4-0503-22E7-262E05FC3B79}.Debug|Any CPU.Build.0 = Debug|Any CPU
		{A6B37008-B7D4-0503-22E7-262E05FC3B79}.Release|Any CPU.ActiveCfg = Release|Any CPU
		{A6B37008-B7D4-0503-22E7-262E05FC3B79}.Release|Any CPU.Build.0 = Release|Any CPU
		{D14B5348-E763-CD21-8421-DF4456AD0B78}.Debug|Any CPU.ActiveCfg = Debug|Any CPU
		{D14B5348-E763-CD21-8421-DF4456AD0B78}.Debug|Any CPU.Build.0 = Debug|Any CPU
		{D14B5348-E763-CD21-8421-DF4456AD0B78}.Release|Any CPU.ActiveCfg = Release|Any CPU
		{D14B5348-E763-CD21-8421-DF4456AD0B78}.Release|Any CPU.Build.0 = Release|Any CPU
		{FB1A9A97-FC21-D70A-E8EF-12C9B6209A27}.Debug|Any CPU.ActiveCfg = Debug|Any CPU
		{FB1A9A97-FC21-D70A-E8EF-12C9B6209A27}.Debug|Any CPU.Build.0 = Debug|Any CPU
		{FB1A9A97-FC21-D70A-E8EF-12C9B6209A27}.Release|Any CPU.ActiveCfg = Release|Any CPU
		{FB1A9A97-FC21-D70A-E8EF-12C9B6209A27}.Release|Any CPU.Build.0 = Release|Any CPU
		{ED43BD47-8E48-3592-CCF9-18AFE4F2F05D}.Debug|Any CPU.ActiveCfg = Debug|Any CPU
		{ED43BD47-8E48-3592-CCF9-18AFE4F2F05D}.Debug|Any CPU.Build.0 = Debug|Any CPU
		{ED43BD47-8E48-3592-CCF9-18AFE4F2F05D}.Release|Any CPU.ActiveCfg = Release|Any CPU
		{ED43BD47-8E48-3592-CCF9-18AFE4F2F05D}.Release|Any CPU.Build.0 = Release|Any CPU
		{DAA6FF03-3F14-4292-7A5D-C9D3F372D363}.Debug|Any CPU.ActiveCfg = Debug|Any CPU
		{DAA6FF03-3F14-4292-7A5D-C9D3F372D363}.Debug|Any CPU.Build.0 = Debug|Any CPU
		{DAA6FF03-3F14-4292-7A5D-C9D3F372D363}.Release|Any CPU.ActiveCfg = Release|Any CPU
		{DAA6FF03-3F14-4292-7A5D-C9D3F372D363}.Release|Any CPU.Build.0 = Release|Any CPU
		{6CB7F776-E18C-DB15-707A-F91460B63E60}.Debug|Any CPU.ActiveCfg = Debug|Any CPU
		{6CB7F776-E18C-DB15-707A-F91460B63E60}.Debug|Any CPU.Build.0 = Debug|Any CPU
		{6CB7F776-E18C-DB15-707A-F91460B63E60}.Release|Any CPU.ActiveCfg = Release|Any CPU
		{6CB7F776-E18C-DB15-707A-F91460B63E60}.Release|Any CPU.Build.0 = Release|Any CPU
		{6B0F9EC0-C7DD-35D0-3597-D6BA949A18AE}.Debug|Any CPU.ActiveCfg = Debug|Any CPU
		{6B0F9EC0-C7DD-35D0-3597-D6BA949A18AE}.Debug|Any CPU.Build.0 = Debug|Any CPU
		{6B0F9EC0-C7DD-35D0-3597-D6BA949A18AE}.Release|Any CPU.ActiveCfg = Release|Any CPU
		{6B0F9EC0-C7DD-35D0-3597-D6BA949A18AE}.Release|Any CPU.Build.0 = Release|Any CPU
		{A9D77CAC-981E-67A8-E015-0EE5CBF3EBBB}.Debug|Any CPU.ActiveCfg = Debug|Any CPU
		{A9D77CAC-981E-67A8-E015-0EE5CBF3EBBB}.Debug|Any CPU.Build.0 = Debug|Any CPU
		{A9D77CAC-981E-67A8-E015-0EE5CBF3EBBB}.Release|Any CPU.ActiveCfg = Release|Any CPU
		{A9D77CAC-981E-67A8-E015-0EE5CBF3EBBB}.Release|Any CPU.Build.0 = Release|Any CPU
		{7F7377B1-DFFF-76EB-3697-F14222496D2E}.Debug|Any CPU.ActiveCfg = Debug|Any CPU
		{7F7377B1-DFFF-76EB-3697-F14222496D2E}.Debug|Any CPU.Build.0 = Debug|Any CPU
		{7F7377B1-DFFF-76EB-3697-F14222496D2E}.Release|Any CPU.ActiveCfg = Release|Any CPU
		{7F7377B1-DFFF-76EB-3697-F14222496D2E}.Release|Any CPU.Build.0 = Release|Any CPU
		{F5FD4EEB-D6D4-B103-BC61-F88220D4F998}.Debug|Any CPU.ActiveCfg = Debug|Any CPU
		{F5FD4EEB-D6D4-B103-BC61-F88220D4F998}.Debug|Any CPU.Build.0 = Debug|Any CPU
		{F5FD4EEB-D6D4-B103-BC61-F88220D4F998}.Release|Any CPU.ActiveCfg = Release|Any CPU
		{F5FD4EEB-D6D4-B103-BC61-F88220D4F998}.Release|Any CPU.Build.0 = Release|Any CPU
		{88A48783-BC5B-70DF-97E5-1F349F0BBDAC}.Debug|Any CPU.ActiveCfg = Debug|Any CPU
		{88A48783-BC5B-70DF-97E5-1F349F0BBDAC}.Debug|Any CPU.Build.0 = Debug|Any CPU
		{88A48783-BC5B-70DF-97E5-1F349F0BBDAC}.Release|Any CPU.ActiveCfg = Release|Any CPU
		{88A48783-BC5B-70DF-97E5-1F349F0BBDAC}.Release|Any CPU.Build.0 = Release|Any CPU
		{0C4E4116-83BB-9937-82D1-35105AC72049}.Debug|Any CPU.ActiveCfg = Debug|Any CPU
		{0C4E4116-83BB-9937-82D1-35105AC72049}.Debug|Any CPU.Build.0 = Debug|Any CPU
		{0C4E4116-83BB-9937-82D1-35105AC72049}.Release|Any CPU.ActiveCfg = Release|Any CPU
		{0C4E4116-83BB-9937-82D1-35105AC72049}.Release|Any CPU.Build.0 = Release|Any CPU
		{D7A0D3CF-C1B3-0558-A4B9-ABB8372DEE5B}.Debug|Any CPU.ActiveCfg = Debug|Any CPU
		{D7A0D3CF-C1B3-0558-A4B9-ABB8372DEE5B}.Debug|Any CPU.Build.0 = Debug|Any CPU
		{D7A0D3CF-C1B3-0558-A4B9-ABB8372DEE5B}.Release|Any CPU.ActiveCfg = Release|Any CPU
		{D7A0D3CF-C1B3-0558-A4B9-ABB8372DEE5B}.Release|Any CPU.Build.0 = Release|Any CPU
		{A144EDC0-36E1-EF8B-F6D3-DAC0FF12AB2D}.Debug|Any CPU.ActiveCfg = Debug|Any CPU
		{A144EDC0-36E1-EF8B-F6D3-DAC0FF12AB2D}.Debug|Any CPU.Build.0 = Debug|Any CPU
		{A144EDC0-36E1-EF8B-F6D3-DAC0FF12AB2D}.Release|Any CPU.ActiveCfg = Release|Any CPU
		{A144EDC0-36E1-EF8B-F6D3-DAC0FF12AB2D}.Release|Any CPU.Build.0 = Release|Any CPU
		{86289602-A5E4-B60E-4681-0375AAA55507}.Debug|Any CPU.ActiveCfg = Debug|Any CPU
		{86289602-A5E4-B60E-4681-0375AAA55507}.Debug|Any CPU.Build.0 = Debug|Any CPU
		{86289602-A5E4-B60E-4681-0375AAA55507}.Release|Any CPU.ActiveCfg = Release|Any CPU
		{86289602-A5E4-B60E-4681-0375AAA55507}.Release|Any CPU.Build.0 = Release|Any CPU
		{6BC8C8CC-5C28-1413-430A-6A4128B9ADD0}.Debug|Any CPU.ActiveCfg = Debug|Any CPU
		{6BC8C8CC-5C28-1413-430A-6A4128B9ADD0}.Debug|Any CPU.Build.0 = Debug|Any CPU
		{6BC8C8CC-5C28-1413-430A-6A4128B9ADD0}.Release|Any CPU.ActiveCfg = Release|Any CPU
		{6BC8C8CC-5C28-1413-430A-6A4128B9ADD0}.Release|Any CPU.Build.0 = Release|Any CPU
		{4DC4970B-9970-9853-A8A3-BA32200F882D}.Debug|Any CPU.ActiveCfg = Debug|Any CPU
		{4DC4970B-9970-9853-A8A3-BA32200F882D}.Debug|Any CPU.Build.0 = Debug|Any CPU
		{4DC4970B-9970-9853-A8A3-BA32200F882D}.Release|Any CPU.ActiveCfg = Release|Any CPU
		{4DC4970B-9970-9853-A8A3-BA32200F882D}.Release|Any CPU.Build.0 = Release|Any CPU
		{68F11949-4FAD-4A44-E1BF-E6A002A2CB51}.Debug|Any CPU.ActiveCfg = Debug|Any CPU
		{68F11949-4FAD-4A44-E1BF-E6A002A2CB51}.Debug|Any CPU.Build.0 = Debug|Any CPU
		{68F11949-4FAD-4A44-E1BF-E6A002A2CB51}.Release|Any CPU.ActiveCfg = Release|Any CPU
		{68F11949-4FAD-4A44-E1BF-E6A002A2CB51}.Release|Any CPU.Build.0 = Release|Any CPU
		{2B359011-85BB-58F3-3349-F8A2952F42B4}.Debug|Any CPU.ActiveCfg = Debug|Any CPU
		{2B359011-85BB-58F3-3349-F8A2952F42B4}.Debug|Any CPU.Build.0 = Debug|Any CPU
		{2B359011-85BB-58F3-3349-F8A2952F42B4}.Release|Any CPU.ActiveCfg = Release|Any CPU
		{2B359011-85BB-58F3-3349-F8A2952F42B4}.Release|Any CPU.Build.0 = Release|Any CPU
		{F8187047-70F8-8C7E-82EC-68FEA40263C1}.Debug|Any CPU.ActiveCfg = Debug|Any CPU
		{F8187047-70F8-8C7E-82EC-68FEA40263C1}.Debug|Any CPU.Build.0 = Debug|Any CPU
		{F8187047-70F8-8C7E-82EC-68FEA40263C1}.Release|Any CPU.ActiveCfg = Release|Any CPU
		{F8187047-70F8-8C7E-82EC-68FEA40263C1}.Release|Any CPU.Build.0 = Release|Any CPU
		{19999AFA-0A41-E9E0-D384-135C967B9E1E}.Debug|Any CPU.ActiveCfg = Debug|Any CPU
		{19999AFA-0A41-E9E0-D384-135C967B9E1E}.Debug|Any CPU.Build.0 = Debug|Any CPU
		{19999AFA-0A41-E9E0-D384-135C967B9E1E}.Release|Any CPU.ActiveCfg = Release|Any CPU
		{19999AFA-0A41-E9E0-D384-135C967B9E1E}.Release|Any CPU.Build.0 = Release|Any CPU
		{F64A5074-6822-6F44-C584-D5A2A2839499}.Debug|Any CPU.ActiveCfg = Debug|Any CPU
		{F64A5074-6822-6F44-C584-D5A2A2839499}.Debug|Any CPU.Build.0 = Debug|Any CPU
		{F64A5074-6822-6F44-C584-D5A2A2839499}.Release|Any CPU.ActiveCfg = Release|Any CPU
		{F64A5074-6822-6F44-C584-D5A2A2839499}.Release|Any CPU.Build.0 = Release|Any CPU
		{191A4F0D-A670-7120-D4AB-0E4E1B091F56}.Debug|Any CPU.ActiveCfg = Debug|Any CPU
		{191A4F0D-A670-7120-D4AB-0E4E1B091F56}.Debug|Any CPU.Build.0 = Debug|Any CPU
		{191A4F0D-A670-7120-D4AB-0E4E1B091F56}.Release|Any CPU.ActiveCfg = Release|Any CPU
		{191A4F0D-A670-7120-D4AB-0E4E1B091F56}.Release|Any CPU.Build.0 = Release|Any CPU
		{9CA7AE4B-9448-2AB5-3CA3-9B572E974681}.Debug|Any CPU.ActiveCfg = Debug|Any CPU
		{9CA7AE4B-9448-2AB5-3CA3-9B572E974681}.Debug|Any CPU.Build.0 = Debug|Any CPU
		{9CA7AE4B-9448-2AB5-3CA3-9B572E974681}.Release|Any CPU.ActiveCfg = Release|Any CPU
		{9CA7AE4B-9448-2AB5-3CA3-9B572E974681}.Release|Any CPU.Build.0 = Release|Any CPU
		{3F8B81AD-B1AD-65AB-3F7D-D5691DEC9D71}.Debug|Any CPU.ActiveCfg = Debug|Any CPU
		{3F8B81AD-B1AD-65AB-3F7D-D5691DEC9D71}.Debug|Any CPU.Build.0 = Debug|Any CPU
		{3F8B81AD-B1AD-65AB-3F7D-D5691DEC9D71}.Release|Any CPU.ActiveCfg = Release|Any CPU
		{3F8B81AD-B1AD-65AB-3F7D-D5691DEC9D71}.Release|Any CPU.Build.0 = Release|Any CPU
		{209EF703-9D1B-9789-378C-821EA04A3693}.Debug|Any CPU.ActiveCfg = Debug|Any CPU
		{209EF703-9D1B-9789-378C-821EA04A3693}.Debug|Any CPU.Build.0 = Debug|Any CPU
		{209EF703-9D1B-9789-378C-821EA04A3693}.Release|Any CPU.ActiveCfg = Release|Any CPU
		{209EF703-9D1B-9789-378C-821EA04A3693}.Release|Any CPU.Build.0 = Release|Any CPU
		{5DCA51F1-0FAD-424B-0594-E2E051409E0E}.Debug|Any CPU.ActiveCfg = Debug|Any CPU
		{5DCA51F1-0FAD-424B-0594-E2E051409E0E}.Debug|Any CPU.Build.0 = Debug|Any CPU
		{5DCA51F1-0FAD-424B-0594-E2E051409E0E}.Release|Any CPU.ActiveCfg = Release|Any CPU
		{5DCA51F1-0FAD-424B-0594-E2E051409E0E}.Release|Any CPU.Build.0 = Release|Any CPU
		{F78712C0-8E92-E9B3-9D44-C98263723244}.Debug|Any CPU.ActiveCfg = Debug|Any CPU
		{F78712C0-8E92-E9B3-9D44-C98263723244}.Debug|Any CPU.Build.0 = Debug|Any CPU
		{F78712C0-8E92-E9B3-9D44-C98263723244}.Release|Any CPU.ActiveCfg = Release|Any CPU
		{F78712C0-8E92-E9B3-9D44-C98263723244}.Release|Any CPU.Build.0 = Release|Any CPU
		{DBB7183A-AEF6-A0B9-3855-0D1DA954436C}.Debug|Any CPU.ActiveCfg = Debug|Any CPU
		{DBB7183A-AEF6-A0B9-3855-0D1DA954436C}.Debug|Any CPU.Build.0 = Debug|Any CPU
		{DBB7183A-AEF6-A0B9-3855-0D1DA954436C}.Release|Any CPU.ActiveCfg = Release|Any CPU
		{DBB7183A-AEF6-A0B9-3855-0D1DA954436C}.Release|Any CPU.Build.0 = Release|Any CPU
		{B23D9C66-C86E-0F2A-9233-84BEE2FFFB56}.Debug|Any CPU.ActiveCfg = Debug|Any CPU
		{B23D9C66-C86E-0F2A-9233-84BEE2FFFB56}.Debug|Any CPU.Build.0 = Debug|Any CPU
		{B23D9C66-C86E-0F2A-9233-84BEE2FFFB56}.Release|Any CPU.ActiveCfg = Release|Any CPU
		{B23D9C66-C86E-0F2A-9233-84BEE2FFFB56}.Release|Any CPU.Build.0 = Release|Any CPU
		{EFE30F6F-8209-6492-08B3-AB8AD4DE6E3F}.Debug|Any CPU.ActiveCfg = Debug|Any CPU
		{EFE30F6F-8209-6492-08B3-AB8AD4DE6E3F}.Debug|Any CPU.Build.0 = Debug|Any CPU
		{EFE30F6F-8209-6492-08B3-AB8AD4DE6E3F}.Release|Any CPU.ActiveCfg = Release|Any CPU
		{EFE30F6F-8209-6492-08B3-AB8AD4DE6E3F}.Release|Any CPU.Build.0 = Release|Any CPU
		{7EC7AA41-B3ED-8D7D-4C2E-C3A35841E5E0}.Debug|Any CPU.ActiveCfg = Debug|Any CPU
		{7EC7AA41-B3ED-8D7D-4C2E-C3A35841E5E0}.Debug|Any CPU.Build.0 = Debug|Any CPU
		{7EC7AA41-B3ED-8D7D-4C2E-C3A35841E5E0}.Release|Any CPU.ActiveCfg = Release|Any CPU
		{7EC7AA41-B3ED-8D7D-4C2E-C3A35841E5E0}.Release|Any CPU.Build.0 = Release|Any CPU
		{C8EE0D83-EE9F-7C1A-77B7-13CC538C31D2}.Debug|Any CPU.ActiveCfg = Debug|Any CPU
		{C8EE0D83-EE9F-7C1A-77B7-13CC538C31D2}.Debug|Any CPU.Build.0 = Debug|Any CPU
		{C8EE0D83-EE9F-7C1A-77B7-13CC538C31D2}.Release|Any CPU.ActiveCfg = Release|Any CPU
		{C8EE0D83-EE9F-7C1A-77B7-13CC538C31D2}.Release|Any CPU.Build.0 = Release|Any CPU
		{EAB8A12C-E527-0E03-2CDD-A601AD431EE9}.Debug|Any CPU.ActiveCfg = Debug|Any CPU
		{EAB8A12C-E527-0E03-2CDD-A601AD431EE9}.Debug|Any CPU.Build.0 = Debug|Any CPU
		{EAB8A12C-E527-0E03-2CDD-A601AD431EE9}.Release|Any CPU.ActiveCfg = Release|Any CPU
		{EAB8A12C-E527-0E03-2CDD-A601AD431EE9}.Release|Any CPU.Build.0 = Release|Any CPU
		{0A55A177-9B6C-6EF6-0C32-59320C54BDC5}.Debug|Any CPU.ActiveCfg = Debug|Any CPU
		{0A55A177-9B6C-6EF6-0C32-59320C54BDC5}.Debug|Any CPU.Build.0 = Debug|Any CPU
		{0A55A177-9B6C-6EF6-0C32-59320C54BDC5}.Release|Any CPU.ActiveCfg = Release|Any CPU
		{0A55A177-9B6C-6EF6-0C32-59320C54BDC5}.Release|Any CPU.Build.0 = Release|Any CPU
	EndGlobalSection
	GlobalSection(SolutionProperties) = preSolution
		HideSolutionNode = FALSE
	EndGlobalSection
EndGlobal
